
Microsoft Visual Studio Solution File, Format Version 12.00
# Visual Studio 15
VisualStudioVersion = 15.0.26403.3
MinimumVisualStudioVersion = 10.0.40219.1
Project("{FAE04EC0-301F-11D3-BF4B-00C04F79EFBC}") = "OpenTKTest2", "OpenTKTest2\OpenTKTest2.csproj", "{5414D022-50CE-4785-BE40-F4BA6087B1BA}"
EndProject
Global
	GlobalSection(SolutionConfigurationPlatforms) = preSolution
		Debug|Any CPU = Debug|Any CPU
		Release|Any CPU = Release|Any CPU
	EndGlobalSection
	GlobalSection(ProjectConfigurationPlatforms) = postSolution
		{5414D022-50CE-4785-BE40-F4BA6087B1BA}.Debug|Any CPU.ActiveCfg = Debug|Any CPU
		{5414D022-50CE-4785-BE40-F4BA6087B1BA}.Debug|Any CPU.Build.0 = Debug|Any CPU
		{5414D022-50CE-4785-BE40-F4BA6087B1BA}.Release|Any CPU.ActiveCfg = Release|Any CPU
		{5414D022-50CE-4785-BE40-F4BA6087B1BA}.Release|Any CPU.Build.0 = Release|Any CPU
	EndGlobalSection
	GlobalSection(SolutionProperties) = preSolution
		HideSolutionNode = FALSE
	EndGlobalSection
EndGlobal
